// !$*UTF8*$!
{
	archiveVersion = 1;
	classes = {
	};
	objectVersion = 50;
	objects = {

/* Begin PBXBuildFile section */
		49CA346522C8CB6700C3AF0E /* ProfileViewController.swift in Sources */ = {isa = PBXBuildFile; fileRef = 49CA346422C8CB6700C3AF0E /* ProfileViewController.swift */; };
		5C4B746522C6F1120018F786 /* AppDelegate.swift in Sources */ = {isa = PBXBuildFile; fileRef = 5C4B746422C6F1120018F786 /* AppDelegate.swift */; };
		5C4B746722C6F1120018F786 /* ViewController.swift in Sources */ = {isa = PBXBuildFile; fileRef = 5C4B746622C6F1120018F786 /* ViewController.swift */; };
		5C4B746A22C6F1120018F786 /* Main.storyboard in Resources */ = {isa = PBXBuildFile; fileRef = 5C4B746822C6F1120018F786 /* Main.storyboard */; };
		5C4B746C22C6F1150018F786 /* Assets.xcassets in Resources */ = {isa = PBXBuildFile; fileRef = 5C4B746B22C6F1150018F786 /* Assets.xcassets */; };
		5C4B746F22C6F1150018F786 /* LaunchScreen.storyboard in Resources */ = {isa = PBXBuildFile; fileRef = 5C4B746D22C6F1150018F786 /* LaunchScreen.storyboard */; };
		5C4B747722C6F1280018F786 /* Util.swift in Sources */ = {isa = PBXBuildFile; fileRef = 5C4B747622C6F1280018F786 /* Util.swift */; };
/* End PBXBuildFile section */

/* Begin PBXFileReference section */
		49CA346422C8CB6700C3AF0E /* ProfileViewController.swift */ = {isa = PBXFileReference; lastKnownFileType = sourcecode.swift; path = ProfileViewController.swift; sourceTree = "<group>"; };
		5C4B746122C6F1120018F786 /* SWMweek1.app */ = {isa = PBXFileReference; explicitFileType = wrapper.application; includeInIndex = 0; path = SWMweek1.app; sourceTree = BUILT_PRODUCTS_DIR; };
		5C4B746422C6F1120018F786 /* AppDelegate.swift */ = {isa = PBXFileReference; lastKnownFileType = sourcecode.swift; path = AppDelegate.swift; sourceTree = "<group>"; };
		5C4B746622C6F1120018F786 /* ViewController.swift */ = {isa = PBXFileReference; lastKnownFileType = sourcecode.swift; path = ViewController.swift; sourceTree = "<group>"; };
		5C4B746922C6F1120018F786 /* Base */ = {isa = PBXFileReference; lastKnownFileType = file.storyboard; name = Base; path = Base.lproj/Main.storyboard; sourceTree = "<group>"; };
		5C4B746B22C6F1150018F786 /* Assets.xcassets */ = {isa = PBXFileReference; lastKnownFileType = folder.assetcatalog; path = Assets.xcassets; sourceTree = "<group>"; };
		5C4B746E22C6F1150018F786 /* Base */ = {isa = PBXFileReference; lastKnownFileType = file.storyboard; name = Base; path = Base.lproj/LaunchScreen.storyboard; sourceTree = "<group>"; };
		5C4B747022C6F1150018F786 /* Info.plist */ = {isa = PBXFileReference; lastKnownFileType = text.plist.xml; path = Info.plist; sourceTree = "<group>"; };
		5C4B747622C6F1280018F786 /* Util.swift */ = {isa = PBXFileReference; lastKnownFileType = sourcecode.swift; path = Util.swift; sourceTree = "<group>"; };
/* End PBXFileReference section */

/* Begin PBXFrameworksBuildPhase section */
		5C4B745E22C6F1120018F786 /* Frameworks */ = {
			isa = PBXFrameworksBuildPhase;
			buildActionMask = 2147483647;
			files = (
			);
			runOnlyForDeploymentPostprocessing = 0;
		};
/* End PBXFrameworksBuildPhase section */

/* Begin PBXGroup section */
		5C4B745822C6F1120018F786 = {
			isa = PBXGroup;
			children = (
				5C4B746322C6F1120018F786 /* SWMweek1 */,
				5C4B746222C6F1120018F786 /* Products */,
			);
			sourceTree = "<group>";
		};
		5C4B746222C6F1120018F786 /* Products */ = {
			isa = PBXGroup;
			children = (
				5C4B746122C6F1120018F786 /* SWMweek1.app */,
			);
			name = Products;
			sourceTree = "<group>";
		};
		5C4B746322C6F1120018F786 /* SWMweek1 */ = {
			isa = PBXGroup;
			children = (
				5C4B746422C6F1120018F786 /* AppDelegate.swift */,
				5C4B746622C6F1120018F786 /* ViewController.swift */,
				49CA346422C8CB6700C3AF0E /* ProfileViewController.swift */,
				5C4B746822C6F1120018F786 /* Main.storyboard */,
				5C4B746B22C6F1150018F786 /* Assets.xcassets */,
				5C4B746D22C6F1150018F786 /* LaunchScreen.storyboard */,
				5C4B747022C6F1150018F786 /* Info.plist */,
				5C4B747622C6F1280018F786 /* Util.swift */,
			);
			path = SWMweek1;
			sourceTree = "<group>";
		};
/* End PBXGroup section */

/* Begin PBXNativeTarget section */
		5C4B746022C6F1120018F786 /* SWMweek1 */ = {
			isa = PBXNativeTarget;
			buildConfigurationList = 5C4B747322C6F1150018F786 /* Build configuration list for PBXNativeTarget "SWMweek1" */;
			buildPhases = (
				5C4B745D22C6F1120018F786 /* Sources */,
				5C4B745E22C6F1120018F786 /* Frameworks */,
				5C4B745F22C6F1120018F786 /* Resources */,
			);
			buildRules = (
			);
			dependencies = (
			);
			name = SWMweek1;
			productName = SWMweek1;
			productReference = 5C4B746122C6F1120018F786 /* SWMweek1.app */;
			productType = "com.apple.product-type.application";
		};
/* End PBXNativeTarget section */

/* Begin PBXProject section */
		5C4B745922C6F1120018F786 /* Project object */ = {
			isa = PBXProject;
			attributes = {
				LastSwiftUpdateCheck = 1020;
				LastUpgradeCheck = 1020;
				ORGANIZATIONNAME = "한상준";
				TargetAttributes = {
					5C4B746022C6F1120018F786 = {
						CreatedOnToolsVersion = 10.2.1;
					};
				};
			};
			buildConfigurationList = 5C4B745C22C6F1120018F786 /* Build configuration list for PBXProject "SWMweek1" */;
			compatibilityVersion = "Xcode 9.3";
			developmentRegion = en;
			hasScannedForEncodings = 0;
			knownRegions = (
				en,
				Base,
			);
			mainGroup = 5C4B745822C6F1120018F786;
			productRefGroup = 5C4B746222C6F1120018F786 /* Products */;
			projectDirPath = "";
			projectRoot = "";
			targets = (
				5C4B746022C6F1120018F786 /* SWMweek1 */,
			);
		};
/* End PBXProject section */

/* Begin PBXResourcesBuildPhase section */
		5C4B745F22C6F1120018F786 /* Resources */ = {
			isa = PBXResourcesBuildPhase;
			buildActionMask = 2147483647;
			files = (
				5C4B746F22C6F1150018F786 /* LaunchScreen.storyboard in Resources */,
				5C4B746C22C6F1150018F786 /* Assets.xcassets in Resources */,
				5C4B746A22C6F1120018F786 /* Main.storyboard in Resources */,
			);
			runOnlyForDeploymentPostprocessing = 0;
		};
/* End PBXResourcesBuildPhase section */

/* Begin PBXSourcesBuildPhase section */
		5C4B745D22C6F1120018F786 /* Sources */ = {
			isa = PBXSourcesBuildPhase;
			buildActionMask = 2147483647;
			files = (
				5C4B746722C6F1120018F786 /* ViewController.swift in Sources */,
				5C4B747722C6F1280018F786 /* Util.swift in Sources */,
				49CA346522C8CB6700C3AF0E /* ProfileViewController.swift in Sources */,
				5C4B746522C6F1120018F786 /* AppDelegate.swift in Sources */,
			);
			runOnlyForDeploymentPostprocessing = 0;
		};
/* End PBXSourcesBuildPhase section */

/* Begin PBXVariantGroup section */
		5C4B746822C6F1120018F786 /* Main.storyboard */ = {
			isa = PBXVariantGroup;
			children = (
				5C4B746922C6F1120018F786 /* Base */,
			);
			name = Main.storyboard;
			sourceTree = "<group>";
		};
		5C4B746D22C6F1150018F786 /* LaunchScreen.storyboard */ = {
			isa = PBXVariantGroup;
			children = (
				5C4B746E22C6F1150018F786 /* Base */,
			);
			name = LaunchScreen.storyboard;
			sourceTree = "<group>";
		};
/* End PBXVariantGroup section */

/* Begin XCBuildConfiguration section */
		5C4B747122C6F1150018F786 /* Debug */ = {
			isa = XCBuildConfiguration;
			buildSettings = {
				ALWAYS_SEARCH_USER_PATHS = NO;
				CLANG_ANALYZER_NONNULL = YES;
				CLANG_ANALYZER_NUMBER_OBJECT_CONVERSION = YES_AGGRESSIVE;
				CLANG_CXX_LANGUAGE_STANDARD = "gnu++14";
				CLANG_CXX_LIBRARY = "libc++";
				CLANG_ENABLE_MODULES = YES;
				CLANG_ENABLE_OBJC_ARC = YES;
				CLANG_ENABLE_OBJC_WEAK = YES;
				CLANG_WARN_BLOCK_CAPTURE_AUTORELEASING = YES;
				CLANG_WARN_BOOL_CONVERSION = YES;
				CLANG_WARN_COMMA = YES;
				CLANG_WARN_CONSTANT_CONVERSION = YES;
				CLANG_WARN_DEPRECATED_OBJC_IMPLEMENTATIONS = YES;
				CLANG_WARN_DIRECT_OBJC_ISA_USAGE = YES_ERROR;
				CLANG_WARN_DOCUMENTATION_COMMENTS = YES;
				CLANG_WARN_EMPTY_BODY = YES;
				CLANG_WARN_ENUM_CONVERSION = YES;
				CLANG_WARN_INFINITE_RECURSION = YES;
				CLANG_WARN_INT_CONVERSION = YES;
				CLANG_WARN_NON_LITERAL_NULL_CONVERSION = YES;
				CLANG_WARN_OBJC_IMPLICIT_RETAIN_SELF = YES;
				CLANG_WARN_OBJC_LITERAL_CONVERSION = YES;
				CLANG_WARN_OBJC_ROOT_CLASS = YES_ERROR;
				CLANG_WARN_RANGE_LOOP_ANALYSIS = YES;
				CLANG_WARN_STRICT_PROTOTYPES = YES;
				CLANG_WARN_SUSPICIOUS_MOVE = YES;
				CLANG_WARN_UNGUARDED_AVAILABILITY = YES_AGGRESSIVE;
				CLANG_WARN_UNREACHABLE_CODE = YES;
				CLANG_WARN__DUPLICATE_METHOD_MATCH = YES;
				CODE_SIGN_IDENTITY = "iPhone Developer";
				COPY_PHASE_STRIP = NO;
				DEBUG_INFORMATION_FORMAT = dwarf;
				ENABLE_STRICT_OBJC_MSGSEND = YES;
				ENABLE_TESTABILITY = YES;
				GCC_C_LANGUAGE_STANDARD = gnu11;
				GCC_DYNAMIC_NO_PIC = NO;
				GCC_NO_COMMON_BLOCKS = YES;
				GCC_OPTIMIZATION_LEVEL = 0;
				GCC_PREPROCESSOR_DEFINITIONS = (
					"DEBUG=1",
					"$(inherited)",
				);
				GCC_WARN_64_TO_32_BIT_CONVERSION = YES;
				GCC_WARN_ABOUT_RETURN_TYPE = YES_ERROR;
				GCC_WARN_UNDECLARED_SELECTOR = YES;
				GCC_WARN_UNINITIALIZED_AUTOS = YES_AGGRESSIVE;
				GCC_WARN_UNUSED_FUNCTION = YES;
				GCC_WARN_UNUSED_VARIABLE = YES;
				IPHONEOS_DEPLOYMENT_TARGET = 12.2;
				MTL_ENABLE_DEBUG_INFO = INCLUDE_SOURCE;
				MTL_FAST_MATH = YES;
				ONLY_ACTIVE_ARCH = YES;
				SDKROOT = iphoneos;
				SWIFT_ACTIVE_COMPILATION_CONDITIONS = DEBUG;
				SWIFT_OPTIMIZATION_LEVEL = "-Onone";
			};
			name = Debug;
		};
		5C4B747222C6F1150018F786 /* Release */ = {
			isa = XCBuildConfiguration;
			buildSettings = {
				ALWAYS_SEARCH_USER_PATHS = NO;
				CLANG_ANALYZER_NONNULL = YES;
				CLANG_ANALYZER_NUMBER_OBJECT_CONVERSION = YES_AGGRESSIVE;
				CLANG_CXX_LANGUAGE_STANDARD = "gnu++14";
				CLANG_CXX_LIBRARY = "libc++";
				CLANG_ENABLE_MODULES = YES;
				CLANG_ENABLE_OBJC_ARC = YES;
				CLANG_ENABLE_OBJC_WEAK = YES;
				CLANG_WARN_BLOCK_CAPTURE_AUTORELEASING = YES;
				CLANG_WARN_BOOL_CONVERSION = YES;
				CLANG_WARN_COMMA = YES;
				CLANG_WARN_CONSTANT_CONVERSION = YES;
				CLANG_WARN_DEPRECATED_OBJC_IMPLEMENTATIONS = YES;
				CLANG_WARN_DIRECT_OBJC_ISA_USAGE = YES_ERROR;
				CLANG_WARN_DOCUMENTATION_COMMENTS = YES;
				CLANG_WARN_EMPTY_BODY = YES;
				CLANG_WARN_ENUM_CONVERSION = YES;
				CLANG_WARN_INFINITE_RECURSION = YES;
				CLANG_WARN_INT_CONVERSION = YES;
				CLANG_WARN_NON_LITERAL_NULL_CONVERSION = YES;
				CLANG_WARN_OBJC_IMPLICIT_RETAIN_SELF = YES;
				CLANG_WARN_OBJC_LITERAL_CONVERSION = YES;
				CLANG_WARN_OBJC_ROOT_CLASS = YES_ERROR;
				CLANG_WARN_RANGE_LOOP_ANALYSIS = YES;
				CLANG_WARN_STRICT_PROTOTYPES = YES;
				CLANG_WARN_SUSPICIOUS_MOVE = YES;
				CLANG_WARN_UNGUARDED_AVAILABILITY = YES_AGGRESSIVE;
				CLANG_WARN_UNREACHABLE_CODE = YES;
				CLANG_WARN__DUPLICATE_METHOD_MATCH = YES;
				CODE_SIGN_IDENTITY = "iPhone Developer";
				COPY_PHASE_STRIP = NO;
				DEBUG_INFORMATION_FORMAT = "dwarf-with-dsym";
				ENABLE_NS_ASSERTIONS = NO;
				ENABLE_STRICT_OBJC_MSGSEND = YES;
				GCC_C_LANGUAGE_STANDARD = gnu11;
				GCC_NO_COMMON_BLOCKS = YES;
				GCC_WARN_64_TO_32_BIT_CONVERSION = YES;
				GCC_WARN_ABOUT_RETURN_TYPE = YES_ERROR;
				GCC_WARN_UNDECLARED_SELECTOR = YES;
				GCC_WARN_UNINITIALIZED_AUTOS = YES_AGGRESSIVE;
				GCC_WARN_UNUSED_FUNCTION = YES;
				GCC_WARN_UNUSED_VARIABLE = YES;
				IPHONEOS_DEPLOYMENT_TARGET = 12.2;
				MTL_ENABLE_DEBUG_INFO = NO;
				MTL_FAST_MATH = YES;
				SDKROOT = iphoneos;
				SWIFT_COMPILATION_MODE = wholemodule;
				SWIFT_OPTIMIZATION_LEVEL = "-O";
				VALIDATE_PRODUCT = YES;
			};
			name = Release;
		};
		5C4B747422C6F1150018F786 /* Debug */ = {
			isa = XCBuildConfiguration;
			buildSettings = {
				ASSETCATALOG_COMPILER_APPICON_NAME = AppIcon;
				CODE_SIGN_STYLE = Automatic;
				DEVELOPMENT_TEAM = 2Y6MEDAL5W;
				INFOPLIST_FILE = SWMweek1/Info.plist;
				LD_RUNPATH_SEARCH_PATHS = (
					"$(inherited)",
					"@executable_path/Frameworks",
				);
				PRODUCT_BUNDLE_IDENTIFIER = "escape-anaemia.SWMweek1";
				PRODUCT_NAME = "$(TARGET_NAME)";
				SWIFT_VERSION = 5.0;
				TARGETED_DEVICE_FAMILY = "1,2";
			};
			name = Debug;
		};
		5C4B747522C6F1150018F786 /* Release */ = {
			isa = XCBuildConfiguration;
			buildSettings = {
				ASSETCATALOG_COMPILER_APPICON_NAME = AppIcon;
				CODE_SIGN_STYLE = Automatic;
				DEVELOPMENT_TEAM = 2Y6MEDAL5W;
				INFOPLIST_FILE = SWMweek1/Info.plist;
				LD_RUNPATH_SEARCH_PATHS = (
					"$(inherited)",
					"@executable_path/Frameworks",
				);
				PRODUCT_BUNDLE_IDENTIFIER = "escape-anaemia.SWMweek1";
				PRODUCT_NAME = "$(TARGET_NAME)";
				SWIFT_VERSION = 5.0;
				TARGETED_DEVICE_FAMILY = "1,2";
			};
			name = Release;
		};
/* End XCBuildConfiguration section */

/* Begin XCConfigurationList section */
		5C4B745C22C6F1120018F786 /* Build configuration list for PBXProject "SWMweek1" */ = {
			isa = XCConfigurationList;
			buildConfigurations = (
				5C4B747122C6F1150018F786 /* Debug */,
				5C4B747222C6F1150018F786 /* Release */,
			);
			defaultConfigurationIsVisible = 0;
			defaultConfigurationName = Release;
		};
		5C4B747322C6F1150018F786 /* Build configuration list for PBXNativeTarget "SWMweek1" */ = {
			isa = XCConfigurationList;
			buildConfigurations = (
				5C4B747422C6F1150018F786 /* Debug */,
				5C4B747522C6F1150018F786 /* Release */,
			);
			defaultConfigurationIsVisible = 0;
			defaultConfigurationName = Release;
		};
/* End XCConfigurationList section */
	};
	rootObject = 5C4B745922C6F1120018F786 /* Project object */;
}
